
Microsoft Visual Studio Solution File, Format Version 12.00
# Visual Studio Version 17
VisualStudioVersion = 17.0.31903.59
MinimumVisualStudioVersion = 10.0.40219.1
Project("{FAE04EC0-301F-11D3-BF4B-00C04F79EFBC}") = "sportex.Domain", "sportex.Domain\sportex.Domain.csproj", "{304BB6DF-57E6-413A-B300-D38A9F0CFBEC}"
EndProject
Project("{FAE04EC0-301F-11D3-BF4B-00C04F79EFBC}") = "sportex.Application", "sportex.Application\sportex.Application.csproj", "{D56F2793-226E-4CDA-8DA6-1AD74F9EC723}"
EndProject
Project("{FAE04EC0-301F-11D3-BF4B-00C04F79EFBC}") = "sportex.Infrastructure", "sportex.Infrastructure\sportex.Infrastructure.csproj", "{6CEE4F7B-7C83-4354-894E-1C3922344BB2}"
EndProject
Project("{FAE04EC0-301F-11D3-BF4B-00C04F79EFBC}") = "sportex.webApi", "sportex.webApi\sportex.webApi.csproj", "{35161AAA-0EB8-44D1-98ED-DF1D41B7D024}"
EndProject
Global
	GlobalSection(SolutionConfigurationPlatforms) = preSolution
		Debug|Any CPU = Debug|Any CPU
		Debug|x64 = Debug|x64
		Debug|x86 = Debug|x86
		Release|Any CPU = Release|Any CPU
		Release|x64 = Release|x64
		Release|x86 = Release|x86
	EndGlobalSection
	GlobalSection(ProjectConfigurationPlatforms) = postSolution
		{304BB6DF-57E6-413A-B300-D38A9F0CFBEC}.Debug|Any CPU.ActiveCfg = Debug|Any CPU
		{304BB6DF-57E6-413A-B300-D38A9F0CFBEC}.Debug|Any CPU.Build.0 = Debug|Any CPU
		{304BB6DF-57E6-413A-B300-D38A9F0CFBEC}.Debug|x64.ActiveCfg = Debug|Any CPU
		{304BB6DF-57E6-413A-B300-D38A9F0CFBEC}.Debug|x64.Build.0 = Debug|Any CPU
		{304BB6DF-57E6-413A-B300-D38A9F0CFBEC}.Debug|x86.ActiveCfg = Debug|Any CPU
		{304BB6DF-57E6-413A-B300-D38A9F0CFBEC}.Debug|x86.Build.0 = Debug|Any CPU
		{304BB6DF-57E6-413A-B300-D38A9F0CFBEC}.Release|Any CPU.ActiveCfg = Release|Any CPU
		{304BB6DF-57E6-413A-B300-D38A9F0CFBEC}.Release|Any CPU.Build.0 = Release|Any CPU
		{304BB6DF-57E6-413A-B300-D38A9F0CFBEC}.Release|x64.ActiveCfg = Release|Any CPU
		{304BB6DF-57E6-413A-B300-D38A9F0CFBEC}.Release|x64.Build.0 = Release|Any CPU
		{304BB6DF-57E6-413A-B300-D38A9F0CFBEC}.Release|x86.ActiveCfg = Release|Any CPU
		{304BB6DF-57E6-413A-B300-D38A9F0CFBEC}.Release|x86.Build.0 = Release|Any CPU
		{D56F2793-226E-4CDA-8DA6-1AD74F9EC723}.Debug|Any CPU.ActiveCfg = Debug|Any CPU
		{D56F2793-226E-4CDA-8DA6-1AD74F9EC723}.Debug|Any CPU.Build.0 = Debug|Any CPU
		{D56F2793-226E-4CDA-8DA6-1AD74F9EC723}.Debug|x64.ActiveCfg = Debug|Any CPU
		{D56F2793-226E-4CDA-8DA6-1AD74F9EC723}.Debug|x64.Build.0 = Debug|Any CPU
		{D56F2793-226E-4CDA-8DA6-1AD74F9EC723}.Debug|x86.ActiveCfg = Debug|Any CPU
		{D56F2793-226E-4CDA-8DA6-1AD74F9EC723}.Debug|x86.Build.0 = Debug|Any CPU
		{D56F2793-226E-4CDA-8DA6-1AD74F9EC723}.Release|Any CPU.ActiveCfg = Release|Any CPU
		{D56F2793-226E-4CDA-8DA6-1AD74F9EC723}.Release|Any CPU.Build.0 = Release|Any CPU
		{D56F2793-226E-4CDA-8DA6-1AD74F9EC723}.Release|x64.ActiveCfg = Release|Any CPU
		{D56F2793-226E-4CDA-8DA6-1AD74F9EC723}.Release|x64.Build.0 = Release|Any CPU
		{D56F2793-226E-4CDA-8DA6-1AD74F9EC723}.Release|x86.ActiveCfg = Release|Any CPU
		{D56F2793-226E-4CDA-8DA6-1AD74F9EC723}.Release|x86.Build.0 = Release|Any CPU
		{6CEE4F7B-7C83-4354-894E-1C3922344BB2}.Debug|Any CPU.ActiveCfg = Debug|Any CPU
		{6CEE4F7B-7C83-4354-894E-1C3922344BB2}.Debug|Any CPU.Build.0 = Debug|Any CPU
		{6CEE4F7B-7C83-4354-894E-1C3922344BB2}.Debug|x64.ActiveCfg = Debug|Any CPU
		{6CEE4F7B-7C83-4354-894E-1C3922344BB2}.Debug|x64.Build.0 = Debug|Any CPU
		{6CEE4F7B-7C83-4354-894E-1C3922344BB2}.Debug|x86.ActiveCfg = Debug|Any CPU
		{6CEE4F7B-7C83-4354-894E-1C3922344BB2}.Debug|x86.Build.0 = Debug|Any CPU
		{6CEE4F7B-7C83-4354-894E-1C3922344BB2}.Release|Any CPU.ActiveCfg = Release|Any CPU
		{6CEE4F7B-7C83-4354-894E-1C3922344BB2}.Release|Any CPU.Build.0 = Release|Any CPU
		{6CEE4F7B-7C83-4354-894E-1C3922344BB2}.Release|x64.ActiveCfg = Release|Any CPU
		{6CEE4F7B-7C83-4354-894E-1C3922344BB2}.Release|x64.Build.0 = Release|Any CPU
		{6CEE4F7B-7C83-4354-894E-1C3922344BB2}.Release|x86.ActiveCfg = Release|Any CPU
		{6CEE4F7B-7C83-4354-894E-1C3922344BB2}.Release|x86.Build.0 = Release|Any CPU
		{35161AAA-0EB8-44D1-98ED-DF1D41B7D024}.Debug|Any CPU.ActiveCfg = Debug|Any CPU
		{35161AAA-0EB8-44D1-98ED-DF1D41B7D024}.Debug|Any CPU.Build.0 = Debug|Any CPU
		{35161AAA-0EB8-44D1-98ED-DF1D41B7D024}.Debug|x64.ActiveCfg = Debug|Any CPU
		{35161AAA-0EB8-44D1-98ED-DF1D41B7D024}.Debug|x64.Build.0 = Debug|Any CPU
		{35161AAA-0EB8-44D1-98ED-DF1D41B7D024}.Debug|x86.ActiveCfg = Debug|Any CPU
		{35161AAA-0EB8-44D1-98ED-DF1D41B7D024}.Debug|x86.Build.0 = Debug|Any CPU
		{35161AAA-0EB8-44D1-98ED-DF1D41B7D024}.Release|Any CPU.ActiveCfg = Release|Any CPU
		{35161AAA-0EB8-44D1-98ED-DF1D41B7D024}.Release|Any CPU.Build.0 = Release|Any CPU
		{35161AAA-0EB8-44D1-98ED-DF1D41B7D024}.Release|x64.ActiveCfg = Release|Any CPU
		{35161AAA-0EB8-44D1-98ED-DF1D41B7D024}.Release|x64.Build.0 = Release|Any CPU
		{35161AAA-0EB8-44D1-98ED-DF1D41B7D024}.Release|x86.ActiveCfg = Release|Any CPU
		{35161AAA-0EB8-44D1-98ED-DF1D41B7D024}.Release|x86.Build.0 = Release|Any CPU
	EndGlobalSection
	GlobalSection(SolutionProperties) = preSolution
		HideSolutionNode = FALSE
	EndGlobalSection
EndGlobal
